
Microsoft Visual Studio Solution File, Format Version 12.00
# Visual Studio Version 16
VisualStudioVersion = 16.0.30002.166
MinimumVisualStudioVersion = 10.0.40219.1
Project("{2150E333-8FDC-42A3-9474-1A3956D46DE8}") = "Inheritance", "Inheritance", "{D722CE44-A8AA-4769-8C67-179BF121CB13}"
EndProject
Project("{2150E333-8FDC-42A3-9474-1A3956D46DE8}") = "Encapsulation", "Encapsulation", "{1E762B08-E755-4B79-B77D-D5FF12587E18}"
EndProject
Project("{2150E333-8FDC-42A3-9474-1A3956D46DE8}") = "Interfaces And Abstraction", "Interfaces And Abstraction", "{A8BB1D0A-92C7-4DCB-9B1A-8B0C994991BC}"
EndProject
Project("{2150E333-8FDC-42A3-9474-1A3956D46DE8}") = "Abstraction", "Abstraction", "{ADBB9708-0E54-4663-8562-BE5835D5F79D}"
EndProject
Project("{FAE04EC0-301F-11D3-BF4B-00C04F79EFBC}") = "HotelReservation", "Abstraction\HotelReservation\HotelReservation.csproj", "{360BAD32-53BD-4094-844A-EC1DB64888A9}"
EndProject
Project("{FAE04EC0-301F-11D3-BF4B-00C04F79EFBC}") = "PointInRectangle", "Abstraction\PointInRectangle\PointInRectangle.csproj", "{1D11E774-A264-4A0A-B749-0333DBE619CB}"
EndProject
Project("{FAE04EC0-301F-11D3-BF4B-00C04F79EFBC}") = "RhombusOfStars", "Abstraction\RhombusOfStars\RhombusOfStars.csproj", "{C9D42CB8-F98B-41CC-8BA6-AC5C3434591C}"
EndProject
Project("{FAE04EC0-301F-11D3-BF4B-00C04F79EFBC}") = "FirstAndReserveTeam", "Encapsulation\FirstAndReserveTeam\FirstAndReserveTeam.csproj", "{FD9C8DA6-C39A-4D03-9605-A3C2CC0F1C95}"
EndProject
Project("{FAE04EC0-301F-11D3-BF4B-00C04F79EFBC}") = "SalaryIncrease", "Encapsulation\SalaryIncrease\SalaryIncrease.csproj", "{06F6CCFD-3C05-4510-AED2-3FE99DB8B948}"
EndProject
Project("{FAE04EC0-301F-11D3-BF4B-00C04F79EFBC}") = "SortPersonsByNameAndAge", "Encapsulation\Sort PersonsBy Name and Age\SortPersonsByNameAndAge.csproj", "{242E6197-3690-4429-9DEE-867D97C803D6}"
EndProject
Project("{FAE04EC0-301F-11D3-BF4B-00C04F79EFBC}") = "ValidationOfData", "Encapsulation\ValidationOfData\ValidationOfData.csproj", "{C430FD08-8EE4-44AF-A280-79A968F85FF3}"
EndProject
Project("{FAE04EC0-301F-11D3-BF4B-00C04F79EFBC}") = "BookShop", "Inheritance\BookShop\BookShop.csproj", "{B568AF7A-A064-46BE-9773-4ABBA364BE0C}"
EndProject
Project("{FAE04EC0-301F-11D3-BF4B-00C04F79EFBC}") = "HierarchicalInheritance", "Inheritance\HierarchicalInheritance\HierarchicalInheritance.csproj", "{F99ED3B1-988F-4CD9-A4C0-6123BC2F2599}"
EndProject
Project("{FAE04EC0-301F-11D3-BF4B-00C04F79EFBC}") = "Mankind", "Inheritance\Mankind\Mankind.csproj", "{4F9E1191-BE91-46AD-A49D-EDCAB97094D1}"
EndProject
Project("{FAE04EC0-301F-11D3-BF4B-00C04F79EFBC}") = "MultipleInheritance", "Inheritance\MultipleInheritance\MultipleInheritance.csproj", "{76AC1D33-9CC7-46F2-BBAB-14385494F963}"
EndProject
Project("{FAE04EC0-301F-11D3-BF4B-00C04F79EFBC}") = "Person", "Inheritance\Person\Person.csproj", "{DD78C81B-8D79-439B-9316-39F31A27D837}"
EndProject
Project("{FAE04EC0-301F-11D3-BF4B-00C04F79EFBC}") = "RandomList", "Inheritance\RandomList\RandomList.csproj", "{A932D3C5-FD25-4D19-AFA6-F5D6BD5429D9}"
EndProject
Project("{FAE04EC0-301F-11D3-BF4B-00C04F79EFBC}") = "SingleInheritance", "Inheritance\SingleInheritance\SingleInheritance.csproj", "{01CDB65B-897E-4287-830C-110654ED14F4}"
EndProject
Project("{FAE04EC0-301F-11D3-BF4B-00C04F79EFBC}") = "Cars", "Interfaces And Abstraction\Cars\Cars.csproj", "{A9D33466-660F-4F83-92E7-2CBF31BCDEA5}"
EndProject
Project("{FAE04EC0-301F-11D3-BF4B-00C04F79EFBC}") = "DefineAnInterfaceIPerson", "Interfaces And Abstraction\DefineAnInterfaceIPerson\DefineAnInterfaceIPerson.csproj", "{AE18822D-851F-4214-99AA-520B1AD7F11F}"
EndProject
Project("{FAE04EC0-301F-11D3-BF4B-00C04F79EFBC}") = "Ferrari", "Interfaces And Abstraction\Ferrari\Ferrari.csproj", "{312FA84D-FA3B-4151-A461-32B9BE56F6BC}"
EndProject
Project("{FAE04EC0-301F-11D3-BF4B-00C04F79EFBC}") = "MilitaryElite", "Interfaces And Abstraction\MilitaryElite\MilitaryElite.csproj", "{46EFB679-6A31-455F-BC55-C02665F07200}"
EndProject
Project("{FAE04EC0-301F-11D3-BF4B-00C04F79EFBC}") = "MultipleImplementation", "Interfaces And Abstraction\MultipleImplementation\MultipleImplementation.csproj", "{78F9FFB5-CF84-4691-B90D-BC93CF5DD2CB}"
EndProject
Project("{FAE04EC0-301F-11D3-BF4B-00C04F79EFBC}") = "Shapes", "Interfaces And Abstraction\Shape\Shapes.csproj", "{18F4A1FC-7894-4760-9AD1-29CD61BA150E}"
EndProject
Project("{FAE04EC0-301F-11D3-BF4B-00C04F79EFBC}") = "Telephony", "Interfaces And Abstraction\Telephony\Telephony.csproj", "{04528D2C-0D35-490F-AF03-2D96C2337F6D}"
EndProject
Global
	GlobalSection(SolutionConfigurationPlatforms) = preSolution
		Debug|Any CPU = Debug|Any CPU
		Release|Any CPU = Release|Any CPU
	EndGlobalSection
	GlobalSection(ProjectConfigurationPlatforms) = postSolution
		{360BAD32-53BD-4094-844A-EC1DB64888A9}.Debug|Any CPU.ActiveCfg = Debug|Any CPU
		{360BAD32-53BD-4094-844A-EC1DB64888A9}.Debug|Any CPU.Build.0 = Debug|Any CPU
		{360BAD32-53BD-4094-844A-EC1DB64888A9}.Release|Any CPU.ActiveCfg = Release|Any CPU
		{360BAD32-53BD-4094-844A-EC1DB64888A9}.Release|Any CPU.Build.0 = Release|Any CPU
		{1D11E774-A264-4A0A-B749-0333DBE619CB}.Debug|Any CPU.ActiveCfg = Debug|Any CPU
		{1D11E774-A264-4A0A-B749-0333DBE619CB}.Debug|Any CPU.Build.0 = Debug|Any CPU
		{1D11E774-A264-4A0A-B749-0333DBE619CB}.Release|Any CPU.ActiveCfg = Release|Any CPU
		{1D11E774-A264-4A0A-B749-0333DBE619CB}.Release|Any CPU.Build.0 = Release|Any CPU
		{C9D42CB8-F98B-41CC-8BA6-AC5C3434591C}.Debug|Any CPU.ActiveCfg = Debug|Any CPU
		{C9D42CB8-F98B-41CC-8BA6-AC5C3434591C}.Debug|Any CPU.Build.0 = Debug|Any CPU
		{C9D42CB8-F98B-41CC-8BA6-AC5C3434591C}.Release|Any CPU.ActiveCfg = Release|Any CPU
		{C9D42CB8-F98B-41CC-8BA6-AC5C3434591C}.Release|Any CPU.Build.0 = Release|Any CPU
		{FD9C8DA6-C39A-4D03-9605-A3C2CC0F1C95}.Debug|Any CPU.ActiveCfg = Debug|Any CPU
		{FD9C8DA6-C39A-4D03-9605-A3C2CC0F1C95}.Debug|Any CPU.Build.0 = Debug|Any CPU
		{FD9C8DA6-C39A-4D03-9605-A3C2CC0F1C95}.Release|Any CPU.ActiveCfg = Release|Any CPU
		{FD9C8DA6-C39A-4D03-9605-A3C2CC0F1C95}.Release|Any CPU.Build.0 = Release|Any CPU
		{06F6CCFD-3C05-4510-AED2-3FE99DB8B948}.Debug|Any CPU.ActiveCfg = Debug|Any CPU
		{06F6CCFD-3C05-4510-AED2-3FE99DB8B948}.Debug|Any CPU.Build.0 = Debug|Any CPU
		{06F6CCFD-3C05-4510-AED2-3FE99DB8B948}.Release|Any CPU.ActiveCfg = Release|Any CPU
		{06F6CCFD-3C05-4510-AED2-3FE99DB8B948}.Release|Any CPU.Build.0 = Release|Any CPU
		{242E6197-3690-4429-9DEE-867D97C803D6}.Debug|Any CPU.ActiveCfg = Debug|Any CPU
		{242E6197-3690-4429-9DEE-867D97C803D6}.Debug|Any CPU.Build.0 = Debug|Any CPU
		{242E6197-3690-4429-9DEE-867D97C803D6}.Release|Any CPU.ActiveCfg = Release|Any CPU
		{242E6197-3690-4429-9DEE-867D97C803D6}.Release|Any CPU.Build.0 = Release|Any CPU
		{C430FD08-8EE4-44AF-A280-79A968F85FF3}.Debug|Any CPU.ActiveCfg = Debug|Any CPU
		{C430FD08-8EE4-44AF-A280-79A968F85FF3}.Debug|Any CPU.Build.0 = Debug|Any CPU
		{C430FD08-8EE4-44AF-A280-79A968F85FF3}.Release|Any CPU.ActiveCfg = Release|Any CPU
		{C430FD08-8EE4-44AF-A280-79A968F85FF3}.Release|Any CPU.Build.0 = Release|Any CPU
		{B568AF7A-A064-46BE-9773-4ABBA364BE0C}.Debug|Any CPU.ActiveCfg = Debug|Any CPU
		{B568AF7A-A064-46BE-9773-4ABBA364BE0C}.Debug|Any CPU.Build.0 = Debug|Any CPU
		{B568AF7A-A064-46BE-9773-4ABBA364BE0C}.Release|Any CPU.ActiveCfg = Release|Any CPU
		{B568AF7A-A064-46BE-9773-4ABBA364BE0C}.Release|Any CPU.Build.0 = Release|Any CPU
		{F99ED3B1-988F-4CD9-A4C0-6123BC2F2599}.Debug|Any CPU.ActiveCfg = Debug|Any CPU
		{F99ED3B1-988F-4CD9-A4C0-6123BC2F2599}.Debug|Any CPU.Build.0 = Debug|Any CPU
		{F99ED3B1-988F-4CD9-A4C0-6123BC2F2599}.Release|Any CPU.ActiveCfg = Release|Any CPU
		{F99ED3B1-988F-4CD9-A4C0-6123BC2F2599}.Release|Any CPU.Build.0 = Release|Any CPU
		{4F9E1191-BE91-46AD-A49D-EDCAB97094D1}.Debug|Any CPU.ActiveCfg = Debug|Any CPU
		{4F9E1191-BE91-46AD-A49D-EDCAB97094D1}.Debug|Any CPU.Build.0 = Debug|Any CPU
		{4F9E1191-BE91-46AD-A49D-EDCAB97094D1}.Release|Any CPU.ActiveCfg = Release|Any CPU
		{4F9E1191-BE91-46AD-A49D-EDCAB97094D1}.Release|Any CPU.Build.0 = Release|Any CPU
		{76AC1D33-9CC7-46F2-BBAB-14385494F963}.Debug|Any CPU.ActiveCfg = Debug|Any CPU
		{76AC1D33-9CC7-46F2-BBAB-14385494F963}.Debug|Any CPU.Build.0 = Debug|Any CPU
		{76AC1D33-9CC7-46F2-BBAB-14385494F963}.Release|Any CPU.ActiveCfg = Release|Any CPU
		{76AC1D33-9CC7-46F2-BBAB-14385494F963}.Release|Any CPU.Build.0 = Release|Any CPU
		{DD78C81B-8D79-439B-9316-39F31A27D837}.Debug|Any CPU.ActiveCfg = Debug|Any CPU
		{DD78C81B-8D79-439B-9316-39F31A27D837}.Debug|Any CPU.Build.0 = Debug|Any CPU
		{DD78C81B-8D79-439B-9316-39F31A27D837}.Release|Any CPU.ActiveCfg = Release|Any CPU
		{DD78C81B-8D79-439B-9316-39F31A27D837}.Release|Any CPU.Build.0 = Release|Any CPU
		{A932D3C5-FD25-4D19-AFA6-F5D6BD5429D9}.Debug|Any CPU.ActiveCfg = Debug|Any CPU
		{A932D3C5-FD25-4D19-AFA6-F5D6BD5429D9}.Debug|Any CPU.Build.0 = Debug|Any CPU
		{A932D3C5-FD25-4D19-AFA6-F5D6BD5429D9}.Release|Any CPU.ActiveCfg = Release|Any CPU
		{A932D3C5-FD25-4D19-AFA6-F5D6BD5429D9}.Release|Any CPU.Build.0 = Release|Any CPU
		{01CDB65B-897E-4287-830C-110654ED14F4}.Debug|Any CPU.ActiveCfg = Debug|Any CPU
		{01CDB65B-897E-4287-830C-110654ED14F4}.Debug|Any CPU.Build.0 = Debug|Any CPU
		{01CDB65B-897E-4287-830C-110654ED14F4}.Release|Any CPU.ActiveCfg = Release|Any CPU
		{01CDB65B-897E-4287-830C-110654ED14F4}.Release|Any CPU.Build.0 = Release|Any CPU
		{A9D33466-660F-4F83-92E7-2CBF31BCDEA5}.Debug|Any CPU.ActiveCfg = Debug|Any CPU
		{A9D33466-660F-4F83-92E7-2CBF31BCDEA5}.Debug|Any CPU.Build.0 = Debug|Any CPU
		{A9D33466-660F-4F83-92E7-2CBF31BCDEA5}.Release|Any CPU.ActiveCfg = Release|Any CPU
		{A9D33466-660F-4F83-92E7-2CBF31BCDEA5}.Release|Any CPU.Build.0 = Release|Any CPU
		{AE18822D-851F-4214-99AA-520B1AD7F11F}.Debug|Any CPU.ActiveCfg = Debug|Any CPU
		{AE18822D-851F-4214-99AA-520B1AD7F11F}.Debug|Any CPU.Build.0 = Debug|Any CPU
		{AE18822D-851F-4214-99AA-520B1AD7F11F}.Release|Any CPU.ActiveCfg = Release|Any CPU
		{AE18822D-851F-4214-99AA-520B1AD7F11F}.Release|Any CPU.Build.0 = Release|Any CPU
		{312FA84D-FA3B-4151-A461-32B9BE56F6BC}.Debug|Any CPU.ActiveCfg = Debug|Any CPU
		{312FA84D-FA3B-4151-A461-32B9BE56F6BC}.Debug|Any CPU.Build.0 = Debug|Any CPU
		{312FA84D-FA3B-4151-A461-32B9BE56F6BC}.Release|Any CPU.ActiveCfg = Release|Any CPU
		{312FA84D-FA3B-4151-A461-32B9BE56F6BC}.Release|Any CPU.Build.0 = Release|Any CPU
		{46EFB679-6A31-455F-BC55-C02665F07200}.Debug|Any CPU.ActiveCfg = Debug|Any CPU
		{46EFB679-6A31-455F-BC55-C02665F07200}.Debug|Any CPU.Build.0 = Debug|Any CPU
		{46EFB679-6A31-455F-BC55-C02665F07200}.Release|Any CPU.ActiveCfg = Release|Any CPU
		{46EFB679-6A31-455F-BC55-C02665F07200}.Release|Any CPU.Build.0 = Release|Any CPU
		{78F9FFB5-CF84-4691-B90D-BC93CF5DD2CB}.Debug|Any CPU.ActiveCfg = Debug|Any CPU
		{78F9FFB5-CF84-4691-B90D-BC93CF5DD2CB}.Debug|Any CPU.Build.0 = Debug|Any CPU
		{78F9FFB5-CF84-4691-B90D-BC93CF5DD2CB}.Release|Any CPU.ActiveCfg = Release|Any CPU
		{78F9FFB5-CF84-4691-B90D-BC93CF5DD2CB}.Release|Any CPU.Build.0 = Release|Any CPU
		{18F4A1FC-7894-4760-9AD1-29CD61BA150E}.Debug|Any CPU.ActiveCfg = Debug|Any CPU
		{18F4A1FC-7894-4760-9AD1-29CD61BA150E}.Debug|Any CPU.Build.0 = Debug|Any CPU
		{18F4A1FC-7894-4760-9AD1-29CD61BA150E}.Release|Any CPU.ActiveCfg = Release|Any CPU
		{18F4A1FC-7894-4760-9AD1-29CD61BA150E}.Release|Any CPU.Build.0 = Release|Any CPU
		{04528D2C-0D35-490F-AF03-2D96C2337F6D}.Debug|Any CPU.ActiveCfg = Debug|Any CPU
		{04528D2C-0D35-490F-AF03-2D96C2337F6D}.Debug|Any CPU.Build.0 = Debug|Any CPU
		{04528D2C-0D35-490F-AF03-2D96C2337F6D}.Release|Any CPU.ActiveCfg = Release|Any CPU
		{04528D2C-0D35-490F-AF03-2D96C2337F6D}.Release|Any CPU.Build.0 = Release|Any CPU
	EndGlobalSection
	GlobalSection(SolutionProperties) = preSolution
		HideSolutionNode = FALSE
	EndGlobalSection
	GlobalSection(NestedProjects) = preSolution
		{360BAD32-53BD-4094-844A-EC1DB64888A9} = {ADBB9708-0E54-4663-8562-BE5835D5F79D}
		{1D11E774-A264-4A0A-B749-0333DBE619CB} = {ADBB9708-0E54-4663-8562-BE5835D5F79D}
		{C9D42CB8-F98B-41CC-8BA6-AC5C3434591C} = {ADBB9708-0E54-4663-8562-BE5835D5F79D}
		{FD9C8DA6-C39A-4D03-9605-A3C2CC0F1C95} = {1E762B08-E755-4B79-B77D-D5FF12587E18}
		{06F6CCFD-3C05-4510-AED2-3FE99DB8B948} = {1E762B08-E755-4B79-B77D-D5FF12587E18}
		{242E6197-3690-4429-9DEE-867D97C803D6} = {1E762B08-E755-4B79-B77D-D5FF12587E18}
		{C430FD08-8EE4-44AF-A280-79A968F85FF3} = {1E762B08-E755-4B79-B77D-D5FF12587E18}
		{B568AF7A-A064-46BE-9773-4ABBA364BE0C} = {D722CE44-A8AA-4769-8C67-179BF121CB13}
		{F99ED3B1-988F-4CD9-A4C0-6123BC2F2599} = {D722CE44-A8AA-4769-8C67-179BF121CB13}
		{4F9E1191-BE91-46AD-A49D-EDCAB97094D1} = {D722CE44-A8AA-4769-8C67-179BF121CB13}
		{76AC1D33-9CC7-46F2-BBAB-14385494F963} = {D722CE44-A8AA-4769-8C67-179BF121CB13}
		{DD78C81B-8D79-439B-9316-39F31A27D837} = {D722CE44-A8AA-4769-8C67-179BF121CB13}
		{A932D3C5-FD25-4D19-AFA6-F5D6BD5429D9} = {D722CE44-A8AA-4769-8C67-179BF121CB13}
		{01CDB65B-897E-4287-830C-110654ED14F4} = {D722CE44-A8AA-4769-8C67-179BF121CB13}
		{A9D33466-660F-4F83-92E7-2CBF31BCDEA5} = {A8BB1D0A-92C7-4DCB-9B1A-8B0C994991BC}
		{AE18822D-851F-4214-99AA-520B1AD7F11F} = {A8BB1D0A-92C7-4DCB-9B1A-8B0C994991BC}
		{312FA84D-FA3B-4151-A461-32B9BE56F6BC} = {A8BB1D0A-92C7-4DCB-9B1A-8B0C994991BC}
		{46EFB679-6A31-455F-BC55-C02665F07200} = {A8BB1D0A-92C7-4DCB-9B1A-8B0C994991BC}
		{78F9FFB5-CF84-4691-B90D-BC93CF5DD2CB} = {A8BB1D0A-92C7-4DCB-9B1A-8B0C994991BC}
		{18F4A1FC-7894-4760-9AD1-29CD61BA150E} = {A8BB1D0A-92C7-4DCB-9B1A-8B0C994991BC}
		{04528D2C-0D35-490F-AF03-2D96C2337F6D} = {A8BB1D0A-92C7-4DCB-9B1A-8B0C994991BC}
	EndGlobalSection
	GlobalSection(ExtensibilityGlobals) = postSolution
		SolutionGuid = {9353D432-DBFE-4670-9A48-6E736A156D18}
	EndGlobalSection
EndGlobal
